// !$*UTF8*$!
{
	archiveVersion = 1;
	classes = {
	};
	objectVersion = 50;
	objects = {

/* Begin PBXBuildFile section */
		6A92E10320AC3F9400AF265A /* AppDelegate.m in Sources */ = {isa = PBXBuildFile; fileRef = 6A92E10220AC3F9400AF265A /* AppDelegate.m */; };
		6A92E10620AC3F9400AF265A /* pokusajapl.xcdatamodeld in Sources */ = {isa = PBXBuildFile; fileRef = 6A92E10420AC3F9400AF265A /* pokusajapl.xcdatamodeld */; };
		6A92E10920AC3F9400AF265A /* MasterViewController.m in Sources */ = {isa = PBXBuildFile; fileRef = 6A92E10820AC3F9400AF265A /* MasterViewController.m */; };
		6A92E10C20AC3F9400AF265A /* DetailViewController.m in Sources */ = {isa = PBXBuildFile; fileRef = 6A92E10B20AC3F9400AF265A /* DetailViewController.m */; };
		6A92E10F20AC3F9400AF265A /* Main.storyboard in Resources */ = {isa = PBXBuildFile; fileRef = 6A92E10D20AC3F9400AF265A /* Main.storyboard */; };
		6A92E11120AC3F9400AF265A /* Assets.xcassets in Resources */ = {isa = PBXBuildFile; fileRef = 6A92E11020AC3F9400AF265A /* Assets.xcassets */; };
		6A92E11420AC3F9400AF265A /* LaunchScreen.storyboard in Resources */ = {isa = PBXBuildFile; fileRef = 6A92E11220AC3F9400AF265A /* LaunchScreen.storyboard */; };
		6A92E11720AC3F9400AF265A /* main.m in Sources */ = {isa = PBXBuildFile; fileRef = 6A92E11620AC3F9400AF265A /* main.m */; };
		6A92E12120AC3F9400AF265A /* pokusajaplTests.m in Sources */ = {isa = PBXBuildFile; fileRef = 6A92E12020AC3F9400AF265A /* pokusajaplTests.m */; };
		6A92E12C20AC3F9400AF265A /* pokusajaplUITests.m in Sources */ = {isa = PBXBuildFile; fileRef = 6A92E12B20AC3F9400AF265A /* pokusajaplUITests.m */; };
/* End PBXBuildFile section */

/* Begin PBXContainerItemProxy section */
		6A92E11D20AC3F9400AF265A /* PBXContainerItemProxy */ = {
			isa = PBXContainerItemProxy;
			containerPortal = 6A92E0F620AC3F9400AF265A /* Project object */;
			proxyType = 1;
			remoteGlobalIDString = 6A92E0FD20AC3F9400AF265A;
			remoteInfo = pokusajapl;
		};
		6A92E12820AC3F9400AF265A /* PBXContainerItemProxy */ = {
			isa = PBXContainerItemProxy;
			containerPortal = 6A92E0F620AC3F9400AF265A /* Project object */;
			proxyType = 1;
			remoteGlobalIDString = 6A92E0FD20AC3F9400AF265A;
			remoteInfo = pokusajapl;
		};
/* End PBXContainerItemProxy section */

/* Begin PBXFileReference section */
		6A92E0FE20AC3F9400AF265A /* pokusajapl.app */ = {isa = PBXFileReference; explicitFileType = wrapper.application; includeInIndex = 0; path = pokusajapl.app; sourceTree = BUILT_PRODUCTS_DIR; };
		6A92E10120AC3F9400AF265A /* AppDelegate.h */ = {isa = PBXFileReference; lastKnownFileType = sourcecode.c.h; path = AppDelegate.h; sourceTree = "<group>"; };
		6A92E10220AC3F9400AF265A /* AppDelegate.m */ = {isa = PBXFileReference; lastKnownFileType = sourcecode.c.objc; path = AppDelegate.m; sourceTree = "<group>"; };
		6A92E10520AC3F9400AF265A /* pokusajapl.xcdatamodel */ = {isa = PBXFileReference; lastKnownFileType = wrapper.xcdatamodel; path = pokusajapl.xcdatamodel; sourceTree = "<group>"; };
		6A92E10720AC3F9400AF265A /* MasterViewController.h */ = {isa = PBXFileReference; lastKnownFileType = sourcecode.c.h; path = MasterViewController.h; sourceTree = "<group>"; };
		6A92E10820AC3F9400AF265A /* MasterViewController.m */ = {isa = PBXFileReference; lastKnownFileType = sourcecode.c.objc; path = MasterViewController.m; sourceTree = "<group>"; };
		6A92E10A20AC3F9400AF265A /* DetailViewController.h */ = {isa = PBXFileReference; lastKnownFileType = sourcecode.c.h; path = DetailViewController.h; sourceTree = "<group>"; };
		6A92E10B20AC3F9400AF265A /* DetailViewController.m */ = {isa = PBXFileReference; lastKnownFileType = sourcecode.c.objc; path = DetailViewController.m; sourceTree = "<group>"; };
		6A92E10E20AC3F9400AF265A /* Base */ = {isa = PBXFileReference; lastKnownFileType = file.storyboard; name = Base; path = Base.lproj/Main.storyboard; sourceTree = "<group>"; };
		6A92E11020AC3F9400AF265A /* Assets.xcassets */ = {isa = PBXFileReference; lastKnownFileType = folder.assetcatalog; path = Assets.xcassets; sourceTree = "<group>"; };
		6A92E11320AC3F9400AF265A /* Base */ = {isa = PBXFileReference; lastKnownFileType = file.storyboard; name = Base; path = Base.lproj/LaunchScreen.storyboard; sourceTree = "<group>"; };
		6A92E11520AC3F9400AF265A /* Info.plist */ = {isa = PBXFileReference; lastKnownFileType = text.plist.xml; path = Info.plist; sourceTree = "<group>"; };
		6A92E11620AC3F9400AF265A /* main.m */ = {isa = PBXFileReference; lastKnownFileType = sourcecode.c.objc; path = main.m; sourceTree = "<group>"; };
		6A92E11C20AC3F9400AF265A /* pokusajaplTests.xctest */ = {isa = PBXFileReference; explicitFileType = wrapper.cfbundle; includeInIndex = 0; path = pokusajaplTests.xctest; sourceTree = BUILT_PRODUCTS_DIR; };
		6A92E12020AC3F9400AF265A /* pokusajaplTests.m */ = {isa = PBXFileReference; lastKnownFileType = sourcecode.c.objc; path = pokusajaplTests.m; sourceTree = "<group>"; };
		6A92E12220AC3F9400AF265A /* Info.plist */ = {isa = PBXFileReference; lastKnownFileType = text.plist.xml; path = Info.plist; sourceTree = "<group>"; };
		6A92E12720AC3F9400AF265A /* pokusajaplUITests.xctest */ = {isa = PBXFileReference; explicitFileType = wrapper.cfbundle; includeInIndex = 0; path = pokusajaplUITests.xctest; sourceTree = BUILT_PRODUCTS_DIR; };
		6A92E12B20AC3F9400AF265A /* pokusajaplUITests.m */ = {isa = PBXFileReference; lastKnownFileType = sourcecode.c.objc; path = pokusajaplUITests.m; sourceTree = "<group>"; };
		6A92E12D20AC3F9400AF265A /* Info.plist */ = {isa = PBXFileReference; lastKnownFileType = text.plist.xml; path = Info.plist; sourceTree = "<group>"; };
/* End PBXFileReference section */

/* Begin PBXFrameworksBuildPhase section */
		6A92E0FB20AC3F9400AF265A /* Frameworks */ = {
			isa = PBXFrameworksBuildPhase;
			buildActionMask = 2147483647;
			files = (
			);
			runOnlyForDeploymentPostprocessing = 0;
		};
		6A92E11920AC3F9400AF265A /* Frameworks */ = {
			isa = PBXFrameworksBuildPhase;
			buildActionMask = 2147483647;
			files = (
			);
			runOnlyForDeploymentPostprocessing = 0;
		};
		6A92E12420AC3F9400AF265A /* Frameworks */ = {
			isa = PBXFrameworksBuildPhase;
			buildActionMask = 2147483647;
			files = (
			);
			runOnlyForDeploymentPostprocessing = 0;
		};
/* End PBXFrameworksBuildPhase section */

/* Begin PBXGroup section */
		6A92E0F520AC3F9400AF265A = {
			isa = PBXGroup;
			children = (
				6A92E10020AC3F9400AF265A /* pokusajapl */,
				6A92E11F20AC3F9400AF265A /* pokusajaplTests */,
				6A92E12A20AC3F9400AF265A /* pokusajaplUITests */,
				6A92E0FF20AC3F9400AF265A /* Products */,
			);
			sourceTree = "<group>";
		};
		6A92E0FF20AC3F9400AF265A /* Products */ = {
			isa = PBXGroup;
			children = (
				6A92E0FE20AC3F9400AF265A /* pokusajapl.app */,
				6A92E11C20AC3F9400AF265A /* pokusajaplTests.xctest */,
				6A92E12720AC3F9400AF265A /* pokusajaplUITests.xctest */,
			);
			name = Products;
			sourceTree = "<group>";
		};
		6A92E10020AC3F9400AF265A /* pokusajapl */ = {
			isa = PBXGroup;
			children = (
				6A92E10120AC3F9400AF265A /* AppDelegate.h */,
				6A92E10220AC3F9400AF265A /* AppDelegate.m */,
				6A92E10720AC3F9400AF265A /* MasterViewController.h */,
				6A92E10820AC3F9400AF265A /* MasterViewController.m */,
				6A92E10A20AC3F9400AF265A /* DetailViewController.h */,
				6A92E10B20AC3F9400AF265A /* DetailViewController.m */,
				6A92E10D20AC3F9400AF265A /* Main.storyboard */,
				6A92E11020AC3F9400AF265A /* Assets.xcassets */,
				6A92E11220AC3F9400AF265A /* LaunchScreen.storyboard */,
				6A92E11520AC3F9400AF265A /* Info.plist */,
				6A92E11620AC3F9400AF265A /* main.m */,
				6A92E10420AC3F9400AF265A /* pokusajapl.xcdatamodeld */,
			);
			path = pokusajapl;
			sourceTree = "<group>";
		};
		6A92E11F20AC3F9400AF265A /* pokusajaplTests */ = {
			isa = PBXGroup;
			children = (
				6A92E12020AC3F9400AF265A /* pokusajaplTests.m */,
				6A92E12220AC3F9400AF265A /* Info.plist */,
			);
			path = pokusajaplTests;
			sourceTree = "<group>";
		};
		6A92E12A20AC3F9400AF265A /* pokusajaplUITests */ = {
			isa = PBXGroup;
			children = (
				6A92E12B20AC3F9400AF265A /* pokusajaplUITests.m */,
				6A92E12D20AC3F9400AF265A /* Info.plist */,
			);
			path = pokusajaplUITests;
			sourceTree = "<group>";
		};
/* End PBXGroup section */

/* Begin PBXNativeTarget section */
		6A92E0FD20AC3F9400AF265A /* pokusajapl */ = {
			isa = PBXNativeTarget;
			buildConfigurationList = 6A92E13020AC3F9400AF265A /* Build configuration list for PBXNativeTarget "pokusajapl" */;
			buildPhases = (
				6A92E0FA20AC3F9400AF265A /* Sources */,
				6A92E0FB20AC3F9400AF265A /* Frameworks */,
				6A92E0FC20AC3F9400AF265A /* Resources */,
			);
			buildRules = (
			);
			dependencies = (
			);
			name = pokusajapl;
			productName = pokusajapl;
			productReference = 6A92E0FE20AC3F9400AF265A /* pokusajapl.app */;
			productType = "com.apple.product-type.application";
		};
		6A92E11B20AC3F9400AF265A /* pokusajaplTests */ = {
			isa = PBXNativeTarget;
			buildConfigurationList = 6A92E13320AC3F9400AF265A /* Build configuration list for PBXNativeTarget "pokusajaplTests" */;
			buildPhases = (
				6A92E11820AC3F9400AF265A /* Sources */,
				6A92E11920AC3F9400AF265A /* Frameworks */,
				6A92E11A20AC3F9400AF265A /* Resources */,
			);
			buildRules = (
			);
			dependencies = (
				6A92E11E20AC3F9400AF265A /* PBXTargetDependency */,
			);
			name = pokusajaplTests;
			productName = pokusajaplTests;
			productReference = 6A92E11C20AC3F9400AF265A /* pokusajaplTests.xctest */;
			productType = "com.apple.product-type.bundle.unit-test";
		};
		6A92E12620AC3F9400AF265A /* pokusajaplUITests */ = {
			isa = PBXNativeTarget;
			buildConfigurationList = 6A92E13620AC3F9400AF265A /* Build configuration list for PBXNativeTarget "pokusajaplUITests" */;
			buildPhases = (
				6A92E12320AC3F9400AF265A /* Sources */,
				6A92E12420AC3F9400AF265A /* Frameworks */,
				6A92E12520AC3F9400AF265A /* Resources */,
			);
			buildRules = (
			);
			dependencies = (
				6A92E12920AC3F9400AF265A /* PBXTargetDependency */,
			);
			name = pokusajaplUITests;
			productName = pokusajaplUITests;
			productReference = 6A92E12720AC3F9400AF265A /* pokusajaplUITests.xctest */;
			productType = "com.apple.product-type.bundle.ui-testing";
		};
/* End PBXNativeTarget section */

/* Begin PBXProject section */
		6A92E0F620AC3F9400AF265A /* Project object */ = {
			isa = PBXProject;
			attributes = {
				LastUpgradeCheck = 0930;
				ORGANIZATIONNAME = "Atlantbh Guest";
				TargetAttributes = {
					6A92E0FD20AC3F9400AF265A = {
						CreatedOnToolsVersion = 9.3.1;
					};
					6A92E11B20AC3F9400AF265A = {
						CreatedOnToolsVersion = 9.3.1;
						TestTargetID = 6A92E0FD20AC3F9400AF265A;
					};
					6A92E12620AC3F9400AF265A = {
						CreatedOnToolsVersion = 9.3.1;
						TestTargetID = 6A92E0FD20AC3F9400AF265A;
					};
				};
			};
			buildConfigurationList = 6A92E0F920AC3F9400AF265A /* Build configuration list for PBXProject "pokusajapl" */;
			compatibilityVersion = "Xcode 9.3";
			developmentRegion = en;
			hasScannedForEncodings = 0;
			knownRegions = (
				en,
				Base,
			);
			mainGroup = 6A92E0F520AC3F9400AF265A;
			productRefGroup = 6A92E0FF20AC3F9400AF265A /* Products */;
			projectDirPath = "";
			projectRoot = "";
			targets = (
				6A92E0FD20AC3F9400AF265A /* pokusajapl */,
				6A92E11B20AC3F9400AF265A /* pokusajaplTests */,
				6A92E12620AC3F9400AF265A /* pokusajaplUITests */,
			);
		};
/* End PBXProject section */

/* Begin PBXResourcesBuildPhase section */
		6A92E0FC20AC3F9400AF265A /* Resources */ = {
			isa = PBXResourcesBuildPhase;
			buildActionMask = 2147483647;
			files = (
				6A92E11420AC3F9400AF265A /* LaunchScreen.storyboard in Resources */,
				6A92E11120AC3F9400AF265A /* Assets.xcassets in Resources */,
				6A92E10F20AC3F9400AF265A /* Main.storyboard in Resources */,
			);
			runOnlyForDeploymentPostprocessing = 0;
		};
		6A92E11A20AC3F9400AF265A /* Resources */ = {
			isa = PBXResourcesBuildPhase;
			buildActionMask = 2147483647;
			files = (
			);
			runOnlyForDeploymentPostprocessing = 0;
		};
		6A92E12520AC3F9400AF265A /* Resources */ = {
			isa = PBXResourcesBuildPhase;
			buildActionMask = 2147483647;
			files = (
			);
			runOnlyForDeploymentPostprocessing = 0;
		};
/* End PBXResourcesBuildPhase section */

/* Begin PBXSourcesBuildPhase section */
		6A92E0FA20AC3F9400AF265A /* Sources */ = {
			isa = PBXSourcesBuildPhase;
			buildActionMask = 2147483647;
			files = (
				6A92E11720AC3F9400AF265A /* main.m in Sources */,
				6A92E10320AC3F9400AF265A /* AppDelegate.m in Sources */,
				6A92E10920AC3F9400AF265A /* MasterViewController.m in Sources */,
				6A92E10620AC3F9400AF265A /* pokusajapl.xcdatamodeld in Sources */,
				6A92E10C20AC3F9400AF265A /* DetailViewController.m in Sources */,
			);
			runOnlyForDeploymentPostprocessing = 0;
		};
		6A92E11820AC3F9400AF265A /* Sources */ = {
			isa = PBXSourcesBuildPhase;
			buildActionMask = 2147483647;
			files = (
				6A92E12120AC3F9400AF265A /* pokusajaplTests.m in Sources */,
			);
			runOnlyForDeploymentPostprocessing = 0;
		};
		6A92E12320AC3F9400AF265A /* Sources */ = {
			isa = PBXSourcesBuildPhase;
			buildActionMask = 2147483647;
			files = (
				6A92E12C20AC3F9400AF265A /* pokusajaplUITests.m in Sources */,
			);
			runOnlyForDeploymentPostprocessing = 0;
		};
/* End PBXSourcesBuildPhase section */

/* Begin PBXTargetDependency section */
		6A92E11E20AC3F9400AF265A /* PBXTargetDependency */ = {
			isa = PBXTargetDependency;
			target = 6A92E0FD20AC3F9400AF265A /* pokusajapl */;
			targetProxy = 6A92E11D20AC3F9400AF265A /* PBXContainerItemProxy */;
		};
		6A92E12920AC3F9400AF265A /* PBXTargetDependency */ = {
			isa = PBXTargetDependency;
			target = 6A92E0FD20AC3F9400AF265A /* pokusajapl */;
			targetProxy = 6A92E12820AC3F9400AF265A /* PBXContainerItemProxy */;
		};
/* End PBXTargetDependency section */

/* Begin PBXVariantGroup section */
		6A92E10D20AC3F9400AF265A /* Main.storyboard */ = {
			isa = PBXVariantGroup;
			children = (
				6A92E10E20AC3F9400AF265A /* Base */,
			);
			name = Main.storyboard;
			sourceTree = "<group>";
		};
		6A92E11220AC3F9400AF265A /* LaunchScreen.storyboard */ = {
			isa = PBXVariantGroup;
			children = (
				6A92E11320AC3F9400AF265A /* Base */,
			);
			name = LaunchScreen.storyboard;
			sourceTree = "<group>";
		};
/* End PBXVariantGroup section */

/* Begin XCBuildConfiguration section */
		6A92E12E20AC3F9400AF265A /* Debug */ = {
			isa = XCBuildConfiguration;
			buildSettings = {
				ALWAYS_SEARCH_USER_PATHS = NO;
				CLANG_ANALYZER_NONNULL = YES;
				CLANG_ANALYZER_NUMBER_OBJECT_CONVERSION = YES_AGGRESSIVE;
				CLANG_CXX_LANGUAGE_STANDARD = "gnu++14";
				CLANG_CXX_LIBRARY = "libc++";
				CLANG_ENABLE_MODULES = YES;
				CLANG_ENABLE_OBJC_ARC = YES;
				CLANG_ENABLE_OBJC_WEAK = YES;
				CLANG_WARN_BLOCK_CAPTURE_AUTORELEASING = YES;
				CLANG_WARN_BOOL_CONVERSION = YES;
				CLANG_WARN_COMMA = YES;
				CLANG_WARN_CONSTANT_CONVERSION = YES;
				CLANG_WARN_DEPRECATED_OBJC_IMPLEMENTATIONS = YES;
				CLANG_WARN_DIRECT_OBJC_ISA_USAGE = YES_ERROR;
				CLANG_WARN_DOCUMENTATION_COMMENTS = YES;
				CLANG_WARN_EMPTY_BODY = YES;
				CLANG_WARN_ENUM_CONVERSION = YES;
				CLANG_WARN_INFINITE_RECURSION = YES;
				CLANG_WARN_INT_CONVERSION = YES;
				CLANG_WARN_NON_LITERAL_NULL_CONVERSION = YES;
				CLANG_WARN_OBJC_IMPLICIT_RETAIN_SELF = YES;
				CLANG_WARN_OBJC_LITERAL_CONVERSION = YES;
				CLANG_WARN_OBJC_ROOT_CLASS = YES_ERROR;
				CLANG_WARN_RANGE_LOOP_ANALYSIS = YES;
				CLANG_WARN_STRICT_PROTOTYPES = YES;
				CLANG_WARN_SUSPICIOUS_MOVE = YES;
				CLANG_WARN_UNGUARDED_AVAILABILITY = YES_AGGRESSIVE;
				CLANG_WARN_UNREACHABLE_CODE = YES;
				CLANG_WARN__DUPLICATE_METHOD_MATCH = YES;
				CODE_SIGN_IDENTITY = "iPhone Developer";
				COPY_PHASE_STRIP = NO;
				DEBUG_INFORMATION_FORMAT = dwarf;
				ENABLE_STRICT_OBJC_MSGSEND = YES;
				ENABLE_TESTABILITY = YES;
				GCC_C_LANGUAGE_STANDARD = gnu11;
				GCC_DYNAMIC_NO_PIC = NO;
				GCC_NO_COMMON_BLOCKS = YES;
				GCC_OPTIMIZATION_LEVEL = 0;
				GCC_PREPROCESSOR_DEFINITIONS = (
					"DEBUG=1",
					"$(inherited)",
				);
				GCC_WARN_64_TO_32_BIT_CONVERSION = YES;
				GCC_WARN_ABOUT_RETURN_TYPE = YES_ERROR;
				GCC_WARN_UNDECLARED_SELECTOR = YES;
				GCC_WARN_UNINITIALIZED_AUTOS = YES_AGGRESSIVE;
				GCC_WARN_UNUSED_FUNCTION = YES;
				GCC_WARN_UNUSED_VARIABLE = YES;
				IPHONEOS_DEPLOYMENT_TARGET = 11.3;
				MTL_ENABLE_DEBUG_INFO = YES;
				ONLY_ACTIVE_ARCH = YES;
				SDKROOT = iphoneos;
			};
			name = Debug;
		};
		6A92E12F20AC3F9400AF265A /* Release */ = {
			isa = XCBuildConfiguration;
			buildSettings = {
				ALWAYS_SEARCH_USER_PATHS = NO;
				CLANG_ANALYZER_NONNULL = YES;
				CLANG_ANALYZER_NUMBER_OBJECT_CONVERSION = YES_AGGRESSIVE;
				CLANG_CXX_LANGUAGE_STANDARD = "gnu++14";
				CLANG_CXX_LIBRARY = "libc++";
				CLANG_ENABLE_MODULES = YES;
				CLANG_ENABLE_OBJC_ARC = YES;
				CLANG_ENABLE_OBJC_WEAK = YES;
				CLANG_WARN_BLOCK_CAPTURE_AUTORELEASING = YES;
				CLANG_WARN_BOOL_CONVERSION = YES;
				CLANG_WARN_COMMA = YES;
				CLANG_WARN_CONSTANT_CONVERSION = YES;
				CLANG_WARN_DEPRECATED_OBJC_IMPLEMENTATIONS = YES;
				CLANG_WARN_DIRECT_OBJC_ISA_USAGE = YES_ERROR;
				CLANG_WARN_DOCUMENTATION_COMMENTS = YES;
				CLANG_WARN_EMPTY_BODY = YES;
				CLANG_WARN_ENUM_CONVERSION = YES;
				CLANG_WARN_INFINITE_RECURSION = YES;
				CLANG_WARN_INT_CONVERSION = YES;
				CLANG_WARN_NON_LITERAL_NULL_CONVERSION = YES;
				CLANG_WARN_OBJC_IMPLICIT_RETAIN_SELF = YES;
				CLANG_WARN_OBJC_LITERAL_CONVERSION = YES;
				CLANG_WARN_OBJC_ROOT_CLASS = YES_ERROR;
				CLANG_WARN_RANGE_LOOP_ANALYSIS = YES;
				CLANG_WARN_STRICT_PROTOTYPES = YES;
				CLANG_WARN_SUSPICIOUS_MOVE = YES;
				CLANG_WARN_UNGUARDED_AVAILABILITY = YES_AGGRESSIVE;
				CLANG_WARN_UNREACHABLE_CODE = YES;
				CLANG_WARN__DUPLICATE_METHOD_MATCH = YES;
				CODE_SIGN_IDENTITY = "iPhone Developer";
				COPY_PHASE_STRIP = NO;
				DEBUG_INFORMATION_FORMAT = "dwarf-with-dsym";
				ENABLE_NS_ASSERTIONS = NO;
				ENABLE_STRICT_OBJC_MSGSEND = YES;
				GCC_C_LANGUAGE_STANDARD = gnu11;
				GCC_NO_COMMON_BLOCKS = YES;
				GCC_WARN_64_TO_32_BIT_CONVERSION = YES;
				GCC_WARN_ABOUT_RETURN_TYPE = YES_ERROR;
				GCC_WARN_UNDECLARED_SELECTOR = YES;
				GCC_WARN_UNINITIALIZED_AUTOS = YES_AGGRESSIVE;
				GCC_WARN_UNUSED_FUNCTION = YES;
				GCC_WARN_UNUSED_VARIABLE = YES;
				IPHONEOS_DEPLOYMENT_TARGET = 11.3;
				MTL_ENABLE_DEBUG_INFO = NO;
				SDKROOT = iphoneos;
				VALIDATE_PRODUCT = YES;
			};
			name = Release;
		};
		6A92E13120AC3F9400AF265A /* Debug */ = {
			isa = XCBuildConfiguration;
			buildSettings = {
				ASSETCATALOG_COMPILER_APPICON_NAME = AppIcon;
				CODE_SIGN_STYLE = Automatic;
				INFOPLIST_FILE = pokusajapl/Info.plist;
				LD_RUNPATH_SEARCH_PATHS = (
					"$(inherited)",
					"@executable_path/Frameworks",
				);
				PRODUCT_BUNDLE_IDENTIFIER = adna.pokusajapl;
				PRODUCT_NAME = "$(TARGET_NAME)";
				TARGETED_DEVICE_FAMILY = "1,2";
			};
			name = Debug;
		};
		6A92E13220AC3F9400AF265A /* Release */ = {
			isa = XCBuildConfiguration;
			buildSettings = {
				ASSETCATALOG_COMPILER_APPICON_NAME = AppIcon;
				CODE_SIGN_STYLE = Automatic;
				INFOPLIST_FILE = pokusajapl/Info.plist;
				LD_RUNPATH_SEARCH_PATHS = (
					"$(inherited)",
					"@executable_path/Frameworks",
				);
				PRODUCT_BUNDLE_IDENTIFIER = adna.pokusajapl;
				PRODUCT_NAME = "$(TARGET_NAME)";
				TARGETED_DEVICE_FAMILY = "1,2";
			};
			name = Release;
		};
		6A92E13420AC3F9400AF265A /* Debug */ = {
			isa = XCBuildConfiguration;
			buildSettings = {
				BUNDLE_LOADER = "$(TEST_HOST)";
				CODE_SIGN_STYLE = Automatic;
				INFOPLIST_FILE = pokusajaplTests/Info.plist;
				LD_RUNPATH_SEARCH_PATHS = (
					"$(inherited)",
					"@executable_path/Frameworks",
					"@loader_path/Frameworks",
				);
				PRODUCT_BUNDLE_IDENTIFIER = adna.pokusajaplTests;
				PRODUCT_NAME = "$(TARGET_NAME)";
				TARGETED_DEVICE_FAMILY = "1,2";
				TEST_HOST = "$(BUILT_PRODUCTS_DIR)/pokusajapl.app/pokusajapl";
			};
			name = Debug;
		};
		6A92E13520AC3F9400AF265A /* Release */ = {
			isa = XCBuildConfiguration;
			buildSettings = {
				BUNDLE_LOADER = "$(TEST_HOST)";
				CODE_SIGN_STYLE = Automatic;
				INFOPLIST_FILE = pokusajaplTests/Info.plist;
				LD_RUNPATH_SEARCH_PATHS = (
					"$(inherited)",
					"@executable_path/Frameworks",
					"@loader_path/Frameworks",
				);
				PRODUCT_BUNDLE_IDENTIFIER = adna.pokusajaplTests;
				PRODUCT_NAME = "$(TARGET_NAME)";
				TARGETED_DEVICE_FAMILY = "1,2";
				TEST_HOST = "$(BUILT_PRODUCTS_DIR)/pokusajapl.app/pokusajapl";
			};
			name = Release;
		};
		6A92E13720AC3F9400AF265A /* Debug */ = {
			isa = XCBuildConfiguration;
			buildSettings = {
				CODE_SIGN_STYLE = Automatic;
				INFOPLIST_FILE = pokusajaplUITests/Info.plist;
				LD_RUNPATH_SEARCH_PATHS = (
					"$(inherited)",
					"@executable_path/Frameworks",
					"@loader_path/Frameworks",
				);
				PRODUCT_BUNDLE_IDENTIFIER = adna.pokusajaplUITests;
				PRODUCT_NAME = "$(TARGET_NAME)";
				TARGETED_DEVICE_FAMILY = "1,2";
				TEST_TARGET_NAME = pokusajapl;
			};
			name = Debug;
		};
		6A92E13820AC3F9400AF265A /* Release */ = {
			isa = XCBuildConfiguration;
			buildSettings = {
				CODE_SIGN_STYLE = Automatic;
				INFOPLIST_FILE = pokusajaplUITests/Info.plist;
				LD_RUNPATH_SEARCH_PATHS = (
					"$(inherited)",
					"@executable_path/Frameworks",
					"@loader_path/Frameworks",
				);
				PRODUCT_BUNDLE_IDENTIFIER = adna.pokusajaplUITests;
				PRODUCT_NAME = "$(TARGET_NAME)";
				TARGETED_DEVICE_FAMILY = "1,2";
				TEST_TARGET_NAME = pokusajapl;
			};
			name = Release;
		};
/* End XCBuildConfiguration section */

/* Begin XCConfigurationList section */
		6A92E0F920AC3F9400AF265A /* Build configuration list for PBXProject "pokusajapl" */ = {
			isa = XCConfigurationList;
			buildConfigurations = (
				6A92E12E20AC3F9400AF265A /* Debug */,
				6A92E12F20AC3F9400AF265A /* Release */,
			);
			defaultConfigurationIsVisible = 0;
			defaultConfigurationName = Release;
		};
		6A92E13020AC3F9400AF265A /* Build configuration list for PBXNativeTarget "pokusajapl" */ = {
			isa = XCConfigurationList;
			buildConfigurations = (
				6A92E13120AC3F9400AF265A /* Debug */,
				6A92E13220AC3F9400AF265A /* Release */,
			);
			defaultConfigurationIsVisible = 0;
			defaultConfigurationName = Release;
		};
		6A92E13320AC3F9400AF265A /* Build configuration list for PBXNativeTarget "pokusajaplTests" */ = {
			isa = XCConfigurationList;
			buildConfigurations = (
				6A92E13420AC3F9400AF265A /* Debug */,
				6A92E13520AC3F9400AF265A /* Release */,
			);
			defaultConfigurationIsVisible = 0;
			defaultConfigurationName = Release;
		};
		6A92E13620AC3F9400AF265A /* Build configuration list for PBXNativeTarget "pokusajaplUITests" */ = {
			isa = XCConfigurationList;
			buildConfigurations = (
				6A92E13720AC3F9400AF265A /* Debug */,
				6A92E13820AC3F9400AF265A /* Release */,
			);
			defaultConfigurationIsVisible = 0;
			defaultConfigurationName = Release;
		};
/* End XCConfigurationList section */

/* Begin XCVersionGroup section */
		6A92E10420AC3F9400AF265A /* pokusajapl.xcdatamodeld */ = {
			isa = XCVersionGroup;
			children = (
				6A92E10520AC3F9400AF265A /* pokusajapl.xcdatamodel */,
			);
			currentVersion = 6A92E10520AC3F9400AF265A /* pokusajapl.xcdatamodel */;
			path = pokusajapl.xcdatamodeld;
			sourceTree = "<group>";
			versionGroupType = wrapper.xcdatamodel;
		};
/* End XCVersionGroup section */
	};
	rootObject = 6A92E0F620AC3F9400AF265A /* Project object */;
}
